
Microsoft Visual Studio Solution File, Format Version 12.00
# Visual Studio Version 17
VisualStudioVersion = 17.4.33205.214
MinimumVisualStudioVersion = 10.0.40219.1
Project("{FAE04EC0-301F-11D3-BF4B-00C04F79EFBC}") = "PracticaGeneralidadesC6", "PracticaGeneralidadesC6\PracticaGeneralidadesC6.csproj", "{410D200B-2565-4837-9FFA-9CD611D61AF6}"
EndProject
Global
	GlobalSection(SolutionConfigurationPlatforms) = preSolution
		Debug|Any CPU = Debug|Any CPU
		Release|Any CPU = Release|Any CPU
	EndGlobalSection
	GlobalSection(ProjectConfigurationPlatforms) = postSolution
		{410D200B-2565-4837-9FFA-9CD611D61AF6}.Debug|Any CPU.ActiveCfg = Debug|Any CPU
		{410D200B-2565-4837-9FFA-9CD611D61AF6}.Debug|Any CPU.Build.0 = Debug|Any CPU
		{410D200B-2565-4837-9FFA-9CD611D61AF6}.Release|Any CPU.ActiveCfg = Release|Any CPU
		{410D200B-2565-4837-9FFA-9CD611D61AF6}.Release|Any CPU.Build.0 = Release|Any CPU
	EndGlobalSection
	GlobalSection(SolutionProperties) = preSolution
		HideSolutionNode = FALSE
	EndGlobalSection
	GlobalSection(ExtensibilityGlobals) = postSolution
		SolutionGuid = {C3CE947A-172C-4BF4-A268-E3EDFFE85E9F}
	EndGlobalSection
EndGlobal
