
Microsoft Visual Studio Solution File, Format Version 12.00
# Visual Studio Version 17
VisualStudioVersion = 17.4.33205.214
MinimumVisualStudioVersion = 10.0.40219.1
Project("{FAE04EC0-301F-11D3-BF4B-00C04F79EFBC}") = "PracticaGeneralidadesC8", "PracticaGeneralidadesC8\PracticaGeneralidadesC8.csproj", "{BF6DA4B5-EF99-48EB-A6D0-07013ACF4E0E}"
EndProject
Global
	GlobalSection(SolutionConfigurationPlatforms) = preSolution
		Debug|Any CPU = Debug|Any CPU
		Release|Any CPU = Release|Any CPU
	EndGlobalSection
	GlobalSection(ProjectConfigurationPlatforms) = postSolution
		{BF6DA4B5-EF99-48EB-A6D0-07013ACF4E0E}.Debug|Any CPU.ActiveCfg = Debug|Any CPU
		{BF6DA4B5-EF99-48EB-A6D0-07013ACF4E0E}.Debug|Any CPU.Build.0 = Debug|Any CPU
		{BF6DA4B5-EF99-48EB-A6D0-07013ACF4E0E}.Release|Any CPU.ActiveCfg = Release|Any CPU
		{BF6DA4B5-EF99-48EB-A6D0-07013ACF4E0E}.Release|Any CPU.Build.0 = Release|Any CPU
	EndGlobalSection
	GlobalSection(SolutionProperties) = preSolution
		HideSolutionNode = FALSE
	EndGlobalSection
	GlobalSection(ExtensibilityGlobals) = postSolution
		SolutionGuid = {6D76A44F-FB98-4B94-8E91-490C4C6767FE}
	EndGlobalSection
EndGlobal
