
Microsoft Visual Studio Solution File, Format Version 12.00
# Visual Studio Version 17
VisualStudioVersion = 17.6.33723.286
MinimumVisualStudioVersion = 10.0.40219.1
Project("{FAE04EC0-301F-11D3-BF4B-00C04F79EFBC}") = "Estudiantes", "Estudiantes\Estudiantes.csproj", "{9A1E24F9-C485-40CF-BA7F-0671AA433EC0}"
EndProject
Project("{FAE04EC0-301F-11D3-BF4B-00C04F79EFBC}") = "Data", "Data\Data.csproj", "{4093335A-24F9-4E01-B71C-B74484BF53C2}"
EndProject
Project("{FAE04EC0-301F-11D3-BF4B-00C04F79EFBC}") = "Logica", "Logica\Logica.csproj", "{F159CE94-2A20-4F53-8FCA-B9D219CF231C}"
EndProject
Global
	GlobalSection(SolutionConfigurationPlatforms) = preSolution
		Debug|Any CPU = Debug|Any CPU
		Release|Any CPU = Release|Any CPU
	EndGlobalSection
	GlobalSection(ProjectConfigurationPlatforms) = postSolution
		{9A1E24F9-C485-40CF-BA7F-0671AA433EC0}.Debug|Any CPU.ActiveCfg = Debug|Any CPU
		{9A1E24F9-C485-40CF-BA7F-0671AA433EC0}.Debug|Any CPU.Build.0 = Debug|Any CPU
		{9A1E24F9-C485-40CF-BA7F-0671AA433EC0}.Release|Any CPU.ActiveCfg = Release|Any CPU
		{9A1E24F9-C485-40CF-BA7F-0671AA433EC0}.Release|Any CPU.Build.0 = Release|Any CPU
		{4093335A-24F9-4E01-B71C-B74484BF53C2}.Debug|Any CPU.ActiveCfg = Debug|Any CPU
		{4093335A-24F9-4E01-B71C-B74484BF53C2}.Debug|Any CPU.Build.0 = Debug|Any CPU
		{4093335A-24F9-4E01-B71C-B74484BF53C2}.Release|Any CPU.ActiveCfg = Release|Any CPU
		{4093335A-24F9-4E01-B71C-B74484BF53C2}.Release|Any CPU.Build.0 = Release|Any CPU
		{F159CE94-2A20-4F53-8FCA-B9D219CF231C}.Debug|Any CPU.ActiveCfg = Debug|Any CPU
		{F159CE94-2A20-4F53-8FCA-B9D219CF231C}.Debug|Any CPU.Build.0 = Debug|Any CPU
		{F159CE94-2A20-4F53-8FCA-B9D219CF231C}.Release|Any CPU.ActiveCfg = Release|Any CPU
		{F159CE94-2A20-4F53-8FCA-B9D219CF231C}.Release|Any CPU.Build.0 = Release|Any CPU
	EndGlobalSection
	GlobalSection(SolutionProperties) = preSolution
		HideSolutionNode = FALSE
	EndGlobalSection
	GlobalSection(ExtensibilityGlobals) = postSolution
		SolutionGuid = {F0EFBC5A-D5EB-4215-859A-53004DCC0C0F}
	EndGlobalSection
EndGlobal
