
Microsoft Visual Studio Solution File, Format Version 12.00
# Visual Studio Version 17
VisualStudioVersion = 17.6.33723.286
MinimumVisualStudioVersion = 10.0.40219.1
Project("{FAE04EC0-301F-11D3-BF4B-00C04F79EFBC}") = "PracticaGeneralidadesC16", "PracticaGeneralidadesC16\PracticaGeneralidadesC16.csproj", "{1AD69AEE-8F37-42D3-B542-174232FC436C}"
EndProject
Global
	GlobalSection(SolutionConfigurationPlatforms) = preSolution
		Debug|Any CPU = Debug|Any CPU
		Release|Any CPU = Release|Any CPU
	EndGlobalSection
	GlobalSection(ProjectConfigurationPlatforms) = postSolution
		{1AD69AEE-8F37-42D3-B542-174232FC436C}.Debug|Any CPU.ActiveCfg = Debug|Any CPU
		{1AD69AEE-8F37-42D3-B542-174232FC436C}.Debug|Any CPU.Build.0 = Debug|Any CPU
		{1AD69AEE-8F37-42D3-B542-174232FC436C}.Release|Any CPU.ActiveCfg = Release|Any CPU
		{1AD69AEE-8F37-42D3-B542-174232FC436C}.Release|Any CPU.Build.0 = Release|Any CPU
	EndGlobalSection
	GlobalSection(SolutionProperties) = preSolution
		HideSolutionNode = FALSE
	EndGlobalSection
	GlobalSection(ExtensibilityGlobals) = postSolution
		SolutionGuid = {F570B5BE-2AC5-49A0-ADC7-6D21C45D151A}
	EndGlobalSection
EndGlobal
