
Microsoft Visual Studio Solution File, Format Version 12.00
# Visual Studio Version 17
VisualStudioVersion = 17.6.33723.286
MinimumVisualStudioVersion = 10.0.40219.1
Project("{FAE04EC0-301F-11D3-BF4B-00C04F79EFBC}") = "ConexionGestionPedidos", "ConexionGestionPedidos\ConexionGestionPedidos.csproj", "{110C3AB2-47AB-47A1-9CA5-9E39C80C9E1E}"
EndProject
Global
	GlobalSection(SolutionConfigurationPlatforms) = preSolution
		Debug|Any CPU = Debug|Any CPU
		Release|Any CPU = Release|Any CPU
	EndGlobalSection
	GlobalSection(ProjectConfigurationPlatforms) = postSolution
		{110C3AB2-47AB-47A1-9CA5-9E39C80C9E1E}.Debug|Any CPU.ActiveCfg = Debug|Any CPU
		{110C3AB2-47AB-47A1-9CA5-9E39C80C9E1E}.Debug|Any CPU.Build.0 = Debug|Any CPU
		{110C3AB2-47AB-47A1-9CA5-9E39C80C9E1E}.Release|Any CPU.ActiveCfg = Release|Any CPU
		{110C3AB2-47AB-47A1-9CA5-9E39C80C9E1E}.Release|Any CPU.Build.0 = Release|Any CPU
	EndGlobalSection
	GlobalSection(SolutionProperties) = preSolution
		HideSolutionNode = FALSE
	EndGlobalSection
	GlobalSection(ExtensibilityGlobals) = postSolution
		SolutionGuid = {53BCEBEC-FDAD-487F-9FD4-101191D5817A}
	EndGlobalSection
EndGlobal
