
Microsoft Visual Studio Solution File, Format Version 12.00
# Visual Studio Version 17
VisualStudioVersion = 17.4.33205.214
MinimumVisualStudioVersion = 10.0.40219.1
Project("{FAE04EC0-301F-11D3-BF4B-00C04F79EFBC}") = "PracticaGeneralidadesC13", "PracticaGeneralidadesC13\PracticaGeneralidadesC13.csproj", "{D89C5A4D-92D4-4904-9019-5775C2A341C0}"
EndProject
Global
	GlobalSection(SolutionConfigurationPlatforms) = preSolution
		Debug|Any CPU = Debug|Any CPU
		Release|Any CPU = Release|Any CPU
	EndGlobalSection
	GlobalSection(ProjectConfigurationPlatforms) = postSolution
		{D89C5A4D-92D4-4904-9019-5775C2A341C0}.Debug|Any CPU.ActiveCfg = Debug|Any CPU
		{D89C5A4D-92D4-4904-9019-5775C2A341C0}.Debug|Any CPU.Build.0 = Debug|Any CPU
		{D89C5A4D-92D4-4904-9019-5775C2A341C0}.Release|Any CPU.ActiveCfg = Release|Any CPU
		{D89C5A4D-92D4-4904-9019-5775C2A341C0}.Release|Any CPU.Build.0 = Release|Any CPU
	EndGlobalSection
	GlobalSection(SolutionProperties) = preSolution
		HideSolutionNode = FALSE
	EndGlobalSection
	GlobalSection(ExtensibilityGlobals) = postSolution
		SolutionGuid = {1EAD369B-10BA-4FF7-89D5-4D2733C09C4F}
	EndGlobalSection
EndGlobal
