
Microsoft Visual Studio Solution File, Format Version 12.00
# Visual Studio Version 17
VisualStudioVersion = 17.6.33723.286
MinimumVisualStudioVersion = 10.0.40219.1
Project("{FAE04EC0-301F-11D3-BF4B-00C04F79EFBC}") = "ListBox_Practica", "ListBox_Practica\ListBox_Practica.csproj", "{79EC66C6-99A6-4E26-8461-7D404D7296E6}"
EndProject
Global
	GlobalSection(SolutionConfigurationPlatforms) = preSolution
		Debug|Any CPU = Debug|Any CPU
		Release|Any CPU = Release|Any CPU
	EndGlobalSection
	GlobalSection(ProjectConfigurationPlatforms) = postSolution
		{79EC66C6-99A6-4E26-8461-7D404D7296E6}.Debug|Any CPU.ActiveCfg = Debug|Any CPU
		{79EC66C6-99A6-4E26-8461-7D404D7296E6}.Debug|Any CPU.Build.0 = Debug|Any CPU
		{79EC66C6-99A6-4E26-8461-7D404D7296E6}.Release|Any CPU.ActiveCfg = Release|Any CPU
		{79EC66C6-99A6-4E26-8461-7D404D7296E6}.Release|Any CPU.Build.0 = Release|Any CPU
	EndGlobalSection
	GlobalSection(SolutionProperties) = preSolution
		HideSolutionNode = FALSE
	EndGlobalSection
	GlobalSection(ExtensibilityGlobals) = postSolution
		SolutionGuid = {55E21754-3384-4035-947D-EF2DB9B902CD}
	EndGlobalSection
EndGlobal
