
Microsoft Visual Studio Solution File, Format Version 12.00
# Visual Studio Version 17
VisualStudioVersion = 17.4.33205.214
MinimumVisualStudioVersion = 10.0.40219.1
Project("{FAE04EC0-301F-11D3-BF4B-00C04F79EFBC}") = "gestionContactos", "gestionContactos\gestionContactos.csproj", "{6971355A-4C0B-4529-9400-FB7A233F374D}"
EndProject
Global
	GlobalSection(SolutionConfigurationPlatforms) = preSolution
		Debug|Any CPU = Debug|Any CPU
		Release|Any CPU = Release|Any CPU
	EndGlobalSection
	GlobalSection(ProjectConfigurationPlatforms) = postSolution
		{6971355A-4C0B-4529-9400-FB7A233F374D}.Debug|Any CPU.ActiveCfg = Debug|Any CPU
		{6971355A-4C0B-4529-9400-FB7A233F374D}.Debug|Any CPU.Build.0 = Debug|Any CPU
		{6971355A-4C0B-4529-9400-FB7A233F374D}.Release|Any CPU.ActiveCfg = Release|Any CPU
		{6971355A-4C0B-4529-9400-FB7A233F374D}.Release|Any CPU.Build.0 = Release|Any CPU
	EndGlobalSection
	GlobalSection(SolutionProperties) = preSolution
		HideSolutionNode = FALSE
	EndGlobalSection
	GlobalSection(ExtensibilityGlobals) = postSolution
		SolutionGuid = {7C19A65B-BB07-4BC2-9468-1DC2D445807F}
	EndGlobalSection
EndGlobal
