
Microsoft Visual Studio Solution File, Format Version 12.00
# Visual Studio Version 17
VisualStudioVersion = 17.4.33205.214
MinimumVisualStudioVersion = 10.0.40219.1
Project("{FAE04EC0-301F-11D3-BF4B-00C04F79EFBC}") = "PracticaGeneralidadesC2", "PracticaGeneralidadesC2\PracticaGeneralidadesC2.csproj", "{6429A149-82F7-40A3-A1D8-6A8C1CA881E0}"
EndProject
Global
	GlobalSection(SolutionConfigurationPlatforms) = preSolution
		Debug|Any CPU = Debug|Any CPU
		Release|Any CPU = Release|Any CPU
	EndGlobalSection
	GlobalSection(ProjectConfigurationPlatforms) = postSolution
		{6429A149-82F7-40A3-A1D8-6A8C1CA881E0}.Debug|Any CPU.ActiveCfg = Debug|Any CPU
		{6429A149-82F7-40A3-A1D8-6A8C1CA881E0}.Debug|Any CPU.Build.0 = Debug|Any CPU
		{6429A149-82F7-40A3-A1D8-6A8C1CA881E0}.Release|Any CPU.ActiveCfg = Release|Any CPU
		{6429A149-82F7-40A3-A1D8-6A8C1CA881E0}.Release|Any CPU.Build.0 = Release|Any CPU
	EndGlobalSection
	GlobalSection(SolutionProperties) = preSolution
		HideSolutionNode = FALSE
	EndGlobalSection
	GlobalSection(ExtensibilityGlobals) = postSolution
		SolutionGuid = {6D790556-6974-4783-8BA5-0B7587750724}
	EndGlobalSection
EndGlobal
